
Microsoft Visual Studio Solution File, Format Version 12.00
# Visual Studio Version 17
VisualStudioVersion = 17.0.32112.339
MinimumVisualStudioVersion = 10.0.40219.1
Project("{FAE04EC0-301F-11D3-BF4B-00C04F79EFBC}") = "FrequenciaDeNumeros.ConsoleApp1", "FrequenciaDeNumeros.ConsoleApp1\FrequenciaDeNumeros.ConsoleApp1.csproj", "{9F4407CA-899C-41C9-BFBE-F71ECB176492}"
EndProject
Global
	GlobalSection(SolutionConfigurationPlatforms) = preSolution
		Debug|Any CPU = Debug|Any CPU
		Release|Any CPU = Release|Any CPU
	EndGlobalSection
	GlobalSection(ProjectConfigurationPlatforms) = postSolution
		{9F4407CA-899C-41C9-BFBE-F71ECB176492}.Debug|Any CPU.ActiveCfg = Debug|Any CPU
		{9F4407CA-899C-41C9-BFBE-F71ECB176492}.Debug|Any CPU.Build.0 = Debug|Any CPU
		{9F4407CA-899C-41C9-BFBE-F71ECB176492}.Release|Any CPU.ActiveCfg = Release|Any CPU
		{9F4407CA-899C-41C9-BFBE-F71ECB176492}.Release|Any CPU.Build.0 = Release|Any CPU
	EndGlobalSection
	GlobalSection(SolutionProperties) = preSolution
		HideSolutionNode = FALSE
	EndGlobalSection
	GlobalSection(ExtensibilityGlobals) = postSolution
		SolutionGuid = {0D31D07C-3BF2-44B3-93AF-7C1B1774E36A}
	EndGlobalSection
EndGlobal
